
Microsoft Visual Studio Solution File, Format Version 12.00
# Visual Studio 15
VisualStudioVersion = 15.0.27703.2042
MinimumVisualStudioVersion = 10.0.40219.1
Project("{FAE04EC0-301F-11D3-BF4B-00C04F79EFBC}") = "BitirmeProjesi.API", "BitirmeProjesi.API\BitirmeProjesi.API.csproj", "{14806CAA-4D93-4EAC-8B8C-934856DFCDDA}"
EndProject
Global
	GlobalSection(SolutionConfigurationPlatforms) = preSolution
		Debug|Any CPU = Debug|Any CPU
		Release|Any CPU = Release|Any CPU
	EndGlobalSection
	GlobalSection(ProjectConfigurationPlatforms) = postSolution
		{14806CAA-4D93-4EAC-8B8C-934856DFCDDA}.Debug|Any CPU.ActiveCfg = Debug|Any CPU
		{14806CAA-4D93-4EAC-8B8C-934856DFCDDA}.Debug|Any CPU.Build.0 = Debug|Any CPU
		{14806CAA-4D93-4EAC-8B8C-934856DFCDDA}.Release|Any CPU.ActiveCfg = Release|Any CPU
		{14806CAA-4D93-4EAC-8B8C-934856DFCDDA}.Release|Any CPU.Build.0 = Release|Any CPU
	EndGlobalSection
	GlobalSection(SolutionProperties) = preSolution
		HideSolutionNode = FALSE
	EndGlobalSection
	GlobalSection(ExtensibilityGlobals) = postSolution
		SolutionGuid = {8666645D-06DD-47A4-9C15-CE624DCD622F}
	EndGlobalSection
EndGlobal
